
Microsoft Visual Studio Solution File, Format Version 12.00
# Visual Studio Version 17
VisualStudioVersion = 17.0.32112.339
MinimumVisualStudioVersion = 10.0.40219.1
Project("{9A19103F-16F7-4668-BE54-9A1E7A4F7556}") = "FSAutomator.UI", "FSAutomator.UI\FSAutomator.UI.csproj", "{5EFBB97E-213E-4861-8F87-D77691E72237}"
EndProject
Project("{9A19103F-16F7-4668-BE54-9A1E7A4F7556}") = "FSAutomator.BackEnd", "FSAutomator.Backend\FSAutomator.BackEnd.csproj", "{DF719DE8-6126-4650-B4A3-461BDB11A6EC}"
EndProject
Project("{9A19103F-16F7-4668-BE54-9A1E7A4F7556}") = "ExternalAutomationExample", "ExternalAutomationExample\ExternalAutomationExample.csproj", "{9D20B8A8-AF07-4A21-AF1F-6D4B9F54A664}"
EndProject
Project("{2150E333-8FDC-42A3-9474-1A3956D46DE8}") = "Source", "Source", "{9D37DED6-967C-4ED5-BE51-DE7A5A93EC86}"
EndProject
Project("{9A19103F-16F7-4668-BE54-9A1E7A4F7556}") = "Auxiliary", "Auxiliary\Auxiliary.csproj", "{9B0BEB9E-D8E5-4CE0-86B5-BB4FF969C49C}"
EndProject
Project("{2150E333-8FDC-42A3-9474-1A3956D46DE8}") = "Tests", "Tests", "{3F278CE3-74A0-469E-A7E4-6381DD8C7474}"
EndProject
Project("{9A19103F-16F7-4668-BE54-9A1E7A4F7556}") = "FSAutomator.BackEnd.Tests", "FSAutomator.BackEnd.Tests\FSAutomator.BackEnd.Tests.csproj", "{E26F0178-105B-4B07-B47F-88D94F6DA64B}"
EndProject
Project("{9A19103F-16F7-4668-BE54-9A1E7A4F7556}") = "FSAutomator.SimConnectInterface", "FSAutomator.SimConnect\FSAutomator.SimConnectInterface.csproj", "{D6437F59-C6D5-4945-BAF7-119F1BEDC26F}"
EndProject
Global
	GlobalSection(SolutionConfigurationPlatforms) = preSolution
		Debug|Any CPU = Debug|Any CPU
		Release|Any CPU = Release|Any CPU
	EndGlobalSection
	GlobalSection(ProjectConfigurationPlatforms) = postSolution
		{5EFBB97E-213E-4861-8F87-D77691E72237}.Debug|Any CPU.ActiveCfg = Debug|Any CPU
		{5EFBB97E-213E-4861-8F87-D77691E72237}.Debug|Any CPU.Build.0 = Debug|Any CPU
		{5EFBB97E-213E-4861-8F87-D77691E72237}.Release|Any CPU.ActiveCfg = Release|Any CPU
		{5EFBB97E-213E-4861-8F87-D77691E72237}.Release|Any CPU.Build.0 = Release|Any CPU
		{DF719DE8-6126-4650-B4A3-461BDB11A6EC}.Debug|Any CPU.ActiveCfg = Debug|Any CPU
		{DF719DE8-6126-4650-B4A3-461BDB11A6EC}.Debug|Any CPU.Build.0 = Debug|Any CPU
		{DF719DE8-6126-4650-B4A3-461BDB11A6EC}.Release|Any CPU.ActiveCfg = Release|Any CPU
		{DF719DE8-6126-4650-B4A3-461BDB11A6EC}.Release|Any CPU.Build.0 = Release|Any CPU
		{9D20B8A8-AF07-4A21-AF1F-6D4B9F54A664}.Debug|Any CPU.ActiveCfg = Debug|Any CPU
		{9D20B8A8-AF07-4A21-AF1F-6D4B9F54A664}.Debug|Any CPU.Build.0 = Debug|Any CPU
		{9D20B8A8-AF07-4A21-AF1F-6D4B9F54A664}.Release|Any CPU.ActiveCfg = Release|Any CPU
		{9D20B8A8-AF07-4A21-AF1F-6D4B9F54A664}.Release|Any CPU.Build.0 = Release|Any CPU
		{9B0BEB9E-D8E5-4CE0-86B5-BB4FF969C49C}.Debug|Any CPU.ActiveCfg = Debug|Any CPU
		{9B0BEB9E-D8E5-4CE0-86B5-BB4FF969C49C}.Debug|Any CPU.Build.0 = Debug|Any CPU
		{9B0BEB9E-D8E5-4CE0-86B5-BB4FF969C49C}.Release|Any CPU.ActiveCfg = Release|Any CPU
		{9B0BEB9E-D8E5-4CE0-86B5-BB4FF969C49C}.Release|Any CPU.Build.0 = Release|Any CPU
		{E26F0178-105B-4B07-B47F-88D94F6DA64B}.Debug|Any CPU.ActiveCfg = Debug|Any CPU
		{E26F0178-105B-4B07-B47F-88D94F6DA64B}.Debug|Any CPU.Build.0 = Debug|Any CPU
		{E26F0178-105B-4B07-B47F-88D94F6DA64B}.Release|Any CPU.ActiveCfg = Release|Any CPU
		{E26F0178-105B-4B07-B47F-88D94F6DA64B}.Release|Any CPU.Build.0 = Release|Any CPU
		{D6437F59-C6D5-4945-BAF7-119F1BEDC26F}.Debug|Any CPU.ActiveCfg = Debug|Any CPU
		{D6437F59-C6D5-4945-BAF7-119F1BEDC26F}.Debug|Any CPU.Build.0 = Debug|Any CPU
		{D6437F59-C6D5-4945-BAF7-119F1BEDC26F}.Release|Any CPU.ActiveCfg = Release|Any CPU
		{D6437F59-C6D5-4945-BAF7-119F1BEDC26F}.Release|Any CPU.Build.0 = Release|Any CPU
	EndGlobalSection
	GlobalSection(SolutionProperties) = preSolution
		HideSolutionNode = FALSE
	EndGlobalSection
	GlobalSection(NestedProjects) = preSolution
		{5EFBB97E-213E-4861-8F87-D77691E72237} = {9D37DED6-967C-4ED5-BE51-DE7A5A93EC86}
		{DF719DE8-6126-4650-B4A3-461BDB11A6EC} = {9D37DED6-967C-4ED5-BE51-DE7A5A93EC86}
		{9D20B8A8-AF07-4A21-AF1F-6D4B9F54A664} = {9D37DED6-967C-4ED5-BE51-DE7A5A93EC86}
		{9B0BEB9E-D8E5-4CE0-86B5-BB4FF969C49C} = {9D37DED6-967C-4ED5-BE51-DE7A5A93EC86}
		{E26F0178-105B-4B07-B47F-88D94F6DA64B} = {3F278CE3-74A0-469E-A7E4-6381DD8C7474}
		{D6437F59-C6D5-4945-BAF7-119F1BEDC26F} = {9D37DED6-967C-4ED5-BE51-DE7A5A93EC86}
	EndGlobalSection
	GlobalSection(ExtensibilityGlobals) = postSolution
		SolutionGuid = {3CE96F35-1C1B-4BCB-91B8-D98D9B72ED2C}
	EndGlobalSection
EndGlobal
